github.com/Phillip-England/vii v0.0.6 h1:Yl+iie6CyQAFWOdX5cepDBmUuUiqKvjkt8zoZxMY6vY=
github.com/Phillip-England/vii v0.0.6/go.mod h1:aa4EZATlHNc1EdhnnZmMzeBQVbAmai/PnslHfkoC1co=
github.com/a-h/templ v0.3.857 h1:6EqcJuGZW4OL+2iZ3MD+NnIcG7nGkaQeF2Zq5kf9ZGg=
github.com/a-h/templ v0.3.857/go.mod h1:qhrhAkRFubE7khxLZHsBFHfX+gWwVNKbzKeF9GlPV4M=
github.com/google/go-cmp v0.7.0 h1:wk8382ETsv4JYUZwIsn6YpYiWiBsYLSJiTsyBybVuN8=
github.com/google/go-cmp v0.7.0/go.mod h1:pXiqmnSA92OHEEa9HXL2W4E7lf9JzCmGVUdgjX3N/iU=
